version = 1
requires-python = ">=3.12"

[[package]]
name = "anyio"
version = "4.6.2.post1"
source = { registry = "https://pypi.org/simple" }
dependencies = [
    { name = "idna" },
    { name = "sniffio" },
]
sdist = { url = "https://files.pythonhosted.org/packages/9f/09/45b9b7a6d4e45c6bcb5bf61d19e3ab87df68e0601fa8c5293de3542546cc/anyio-4.6.2.post1.tar.gz", hash = "sha256:4c8bc31ccdb51c7f7bd251f51c609e038d63e34219b44aa86e47576389880b4c", size = 173422 }
wheels = [
    { url = "https://files.pythonhosted.org/packages/e4/f5/f2b75d2fc6f1a260f340f0e7c6a060f4dd2961cc16884ed851b0d18da06a/anyio-4.6.2.post1-py3-none-any.whl", hash = "sha256:6d170c36fba3bdd840c73d3868c1e777e33676a69c3a72cf0a0d5d6d8009b61d", size = 90377 },
]

[[package]]
name = "asgiref"
version = "3.8.1"
source = { registry = "https://pypi.org/simple" }
sdist = { url = "https://files.pythonhosted.org/packages/29/38/b3395cc9ad1b56d2ddac9970bc8f4141312dbaec28bc7c218b0dfafd0f42/asgiref-3.8.1.tar.gz", hash = "sha256:c343bd80a0bec947a9860adb4c432ffa7db769836c64238fc34bdc3fec84d590", size = 35186 }
wheels = [
    { url = "https://files.pythonhosted.org/packages/39/e3/893e8757be2612e6c266d9bb58ad2e3651524b5b40cf56761e985a28b13e/asgiref-3.8.1-py3-none-any.whl", hash = "sha256:3e1e3ecc849832fe52ccf2cb6686b7a55f82bb1d6aee72a58826471390335e47", size = 23828 },
]

[[package]]
name = "autopep8"
version = "2.3.1"
source = { registry = "https://pypi.org/simple" }
dependencies = [
    { name = "pycodestyle" },
]
sdist = { url = "https://files.pythonhosted.org/packages/6c/52/65556a5f917a4b273fd1b705f98687a6bd721dbc45966f0f6687e90a18b0/autopep8-2.3.1.tar.gz", hash = "sha256:8d6c87eba648fdcfc83e29b788910b8643171c395d9c4bcf115ece035b9c9dda", size = 92064 }
wheels = [
    { url = "https://files.pythonhosted.org/packages/ad/9e/f0beffe45b507dca9d7540fad42b316b2fd1076dc484c9b1f23d9da570d7/autopep8-2.3.1-py2.py3-none-any.whl", hash = "sha256:a203fe0fcad7939987422140ab17a930f684763bf7335bdb6709991dd7ef6c2d", size = 45667 },
]

[[package]]
name = "blacknoise"
version = "1.1.0"
source = { registry = "https://pypi.org/simple" }
dependencies = [
    { name = "starlette" },
]
sdist = { url = "https://files.pythonhosted.org/packages/7d/c7/f60d6dc2c3f88ee6768c047f33204a985a1a17212fbd8b1c6aba7c2e3681/blacknoise-1.1.0.tar.gz", hash = "sha256:20b96a452fe04d40bd69c3d939fb5e751ef56a835975d23fd4354af6e7a0c534", size = 8268 }
wheels = [
    { url = "https://files.pythonhosted.org/packages/25/c2/4a4f2e5c10dfffef0de72784dc7faeac7b499b58160d684df7f981b73096/blacknoise-1.1.0-py3-none-any.whl", hash = "sha256:789e7cb4c0354164738d001fee37622dd8d10df829b33a47ca2645dcfa76e9b0", size = 6391 },
]

[[package]]
name = "colorama"
version = "0.4.6"
source = { registry = "https://pypi.org/simple" }
sdist = { url = "https://files.pythonhosted.org/packages/d8/53/6f443c9a4a8358a93a6792e2acffb9d9d5cb0a5cfd8802644b7b1c9a02e4/colorama-0.4.6.tar.gz", hash = "sha256:08695f5cb7ed6e0531a20572697297273c47b8cae5a63ffc6d6ed5c201be6e44", size = 27697 }
wheels = [
    { url = "https://files.pythonhosted.org/packages/d1/d6/3965ed04c63042e047cb6a3e6ed1a63a35087b6a609aa3a15ed8ac56c221/colorama-0.4.6-py2.py3-none-any.whl", hash = "sha256:4f1d9991f5acc0ca119f9d443620b77f9d6b33703e51011c16baf57afb285fc6", size = 25335 },
]

[[package]]
name = "diff-match-patch"
version = "20241021"
source = { registry = "https://pypi.org/simple" }
sdist = { url = "https://files.pythonhosted.org/packages/0e/ad/32e1777dd57d8e85fa31e3a243af66c538245b8d64b7265bec9a61f2ca33/diff_match_patch-20241021.tar.gz", hash = "sha256:beae57a99fa48084532935ee2968b8661db861862ec82c6f21f4acdd6d835073", size = 39962 }
wheels = [
    { url = "https://files.pythonhosted.org/packages/f7/bb/2aa9b46a01197398b901e458974c20ed107935c26e44e37ad5b0e5511e44/diff_match_patch-20241021-py3-none-any.whl", hash = "sha256:93cea333fb8b2bc0d181b0de5e16df50dd344ce64828226bda07728818936782", size = 43252 },
]

[[package]]
name = "django"
version = "5.0.1"
source = { registry = "https://pypi.org/simple" }
dependencies = [
    { name = "asgiref" },
    { name = "sqlparse" },
    { name = "tzdata", marker = "sys_platform == 'win32'" },
]
sdist = { url = "https://files.pythonhosted.org/packages/53/82/c8e8ed137da1c72fa110e3be9ab0f26bcfcf6f3d2994601d164dfac86269/Django-5.0.1.tar.gz", hash = "sha256:8c8659665bc6e3a44fefe1ab0a291e5a3fb3979f9a8230be29de975e57e8f854", size = 10590756 }
wheels = [
    { url = "https://files.pythonhosted.org/packages/97/67/6804ff6fc4fa6df188924412601cc418ddc2d0a500963b0801a97b7ec08a/Django-5.0.1-py3-none-any.whl", hash = "sha256:f47a37a90b9bbe2c8ec360235192c7fddfdc832206fcf618bb849b39256affc1", size = 8136972 },
]

[[package]]
name = "django-braces"
version = "1.16.0"
source = { registry = "https://pypi.org/simple" }
dependencies = [
    { name = "django" },
]
sdist = { url = "https://files.pythonhosted.org/packages/9c/d8/e144ef48f0255442b5755d92d6be8705a2ec9b17ab05e11d99b8ddbb5460/django_braces-1.16.0.tar.gz", hash = "sha256:1de7c2ba92147fc265ec034880aa5f2a714a5d1f1c1280278ca1fdd6f2a08e03", size = 52334 }
wheels = [
    { url = "https://files.pythonhosted.org/packages/d5/46/23f37291c78fae3fa90db29e5b1d3b111d8ce02a807a81a9b8c56e407733/django_braces-1.16.0-py3-none-any.whl", hash = "sha256:1c7a83877a2ea0478f051049594dcec215f873f1aecdc4b3ee73121932bf01b4", size = 15236 },
]

[[package]]
name = "django-cotton"
version = "1.3.0"
source = { registry = "https://pypi.org/simple" }
dependencies = [
    { name = "django" },
]
sdist = { url = "https://files.pythonhosted.org/packages/ba/6f/59a3da4823c5ffefc96afc38c69839897b62a9e3c3b6201fc61d81edcf3d/django_cotton-1.3.0.tar.gz", hash = "sha256:8f4a15dd55c8ee9182cf7234c228ea45d9fcdec1de125221bce8d05af035730a", size = 20903 }
wheels = [
    { url = "https://files.pythonhosted.org/packages/dc/81/3216a0e2c7581948d249253e34e89c4716283a5371a804c21aab060db725/django_cotton-1.3.0-py3-none-any.whl", hash = "sha256:a23f29b759c43423e2f901352c0810388839cc412f6985614153c6ccfcfc2595", size = 20147 },
]

[[package]]
name = "django-extensions"
version = "3.2.3"
source = { registry = "https://pypi.org/simple" }
dependencies = [
    { name = "django" },
]
sdist = { url = "https://files.pythonhosted.org/packages/8a/f1/318684c9466968bf9a9c221663128206e460c1a67f595055be4b284cde8a/django-extensions-3.2.3.tar.gz", hash = "sha256:44d27919d04e23b3f40231c4ab7af4e61ce832ef46d610cc650d53e68328410a", size = 277216 }
wheels = [
    { url = "https://files.pythonhosted.org/packages/a7/7e/ba12b9660642663f5273141018d2bec0a1cae1711f4f6d1093920e157946/django_extensions-3.2.3-py3-none-any.whl", hash = "sha256:9600b7562f79a92cbf1fde6403c04fee314608fefbb595502e34383ae8203401", size = 229868 },
]

[[package]]
name = "django-filter"
version = "24.3"
source = { registry = "https://pypi.org/simple" }
dependencies = [
    { name = "django" },
]
sdist = { url = "https://files.pythonhosted.org/packages/50/bc/dc19ae39c235332926dd0efe0951f663fa1a9fc6be8430737ff7fd566b20/django_filter-24.3.tar.gz", hash = "sha256:d8ccaf6732afd21ca0542f6733b11591030fa98669f8d15599b358e24a2cd9c3", size = 144444 }
wheels = [
    { url = "https://files.pythonhosted.org/packages/09/b1/92f1c30b47c1ebf510c35a2ccad9448f73437e5891bbd2b4febe357cc3de/django_filter-24.3-py3-none-any.whl", hash = "sha256:c4852822928ce17fb699bcfccd644b3574f1a2d80aeb2b4ff4f16b02dd49dc64", size = 95011 },
]

[[package]]
name = "django-htmx"
version = "1.21.0"
source = { registry = "https://pypi.org/simple" }
dependencies = [
    { name = "asgiref" },
    { name = "django" },
]
sdist = { url = "https://files.pythonhosted.org/packages/c7/5c/f6b7e9102a86c69b018142c5e3255b7f983b4f6545fe8e9bbb326e903be1/django_htmx-1.21.0.tar.gz", hash = "sha256:6ed3b42effd5980f22e68f36cd14ee4311bff3b6cb8435a89e27f45995691572", size = 9611 }
wheels = [
    { url = "https://files.pythonhosted.org/packages/9f/ec/0d68c022dac4a539cdd2cf8b2e23a034da9d6ef864e4bc324a5fe2b50c28/django_htmx-1.21.0-py3-none-any.whl", hash = "sha256:64bc31463017a80552b767bc216ee5700248fa72e7ccd2963495e69afbdb6abe", size = 6901 },
]

[[package]]
name = "django-import-export"
version = "4.3.1"
source = { registry = "https://pypi.org/simple" }
dependencies = [
    { name = "diff-match-patch" },
    { name = "django" },
    { name = "tablib" },
]
sdist = { url = "https://files.pythonhosted.org/packages/c7/88/b9077b0e0c9cf05d98f7a212877ba96bb302f5581116e3b7a15f9528c339/django_import_export-4.3.1.tar.gz", hash = "sha256:9e47bc3bf632d930870dab221c5ef0bb02c5d5efd3720c4607c08f3f946a1caa", size = 2218400 }
wheels = [
    { url = "https://files.pythonhosted.org/packages/00/ef/65b49828e2128cbc4c062a2e21976dfa1b73892a69fe07e0a638dfb06fdf/django_import_export-4.3.1-py3-none-any.whl", hash = "sha256:7cd9165851872c8b0eb6ce71029f1e92411b757c2a2e69e7a7ea12e6274c173a", size = 139647 },
]

[package.optional-dependencies]
xlsx = [
    { name = "tablib", extra = ["xlsx"] },
]

[[package]]
name = "django-js-asset"
version = "2.2.0"
source = { registry = "https://pypi.org/simple" }
dependencies = [
    { name = "django" },
]
sdist = { url = "https://files.pythonhosted.org/packages/28/bb/04accb19b0c0b6d835a393c20f04dfc379648e8cd6654c045e4d843ad527/django_js_asset-2.2.0.tar.gz", hash = "sha256:0c57a82cae2317e83951d956110ce847f58ff0cdc24e314dbc18b35033917e94", size = 7904 }
wheels = [
    { url = "https://files.pythonhosted.org/packages/dc/4d/5bb8c351f2515a616576a4218c736af081edf0dd4d1eead1c7e880f74c0e/django_js_asset-2.2.0-py3-none-any.whl", hash = "sha256:7ef3e858e13d06f10799b56eea62b1e76706f42cf4e709be4e13356bc0ae30d8", size = 4704 },
]

[[package]]
name = "django-mptt"
version = "0.16.0"
source = { registry = "https://pypi.org/simple" }
dependencies = [
    { name = "django-js-asset" },
]
sdist = { url = "https://files.pythonhosted.org/packages/06/58/11dcda841c5570cecab15d52362096e36bf61c0a7013df903e9747bc6a6c/django_mptt-0.16.0.tar.gz", hash = "sha256:56c9606bf0b329b5f5afd55dd8bfd073612ea1d5999b10903b09de62bee84c8e", size = 69886 }
wheels = [
    { url = "https://files.pythonhosted.org/packages/45/27/61a39b0d716e52be2df7d9fed6e35fe10eb3faaf207cdfaac3f9f68ecb1a/django_mptt-0.16.0-py3-none-any.whl", hash = "sha256:8716849ba3318d94e2e100ed0923a05c1ffdf8195f8472b690dbaf737d2af3b5", size = 115934 },
]

[[package]]
name = "django-silk"
version = "5.3.1"
source = { registry = "https://pypi.org/simple" }
dependencies = [
    { name = "autopep8" },
    { name = "django" },
    { name = "gprof2dot" },
    { name = "sqlparse" },
]
sdist = { url = "https://files.pythonhosted.org/packages/3b/51/946db6764e8de1654c8469b7ddb72cd0c093ac2d3e3c0c8c819455d6f733/django_silk-5.3.1.tar.gz", hash = "sha256:aa4ae73a90fcbd5159a810f81e15a0ec010619beab37c82957eb4012fd0016f0", size = 4493512 }
wheels = [
    { url = "https://files.pythonhosted.org/packages/89/a1/79cfea660d49ea02a1c014a08585da8d5d40014cbbced93f0706e6cb883f/django_silk-5.3.1-py3-none-any.whl", hash = "sha256:7834580fabea5d9e8a32eabb0d9cb061cc37f0ec057d2933b4da761a53ae1bed", size = 1942523 },
]

[[package]]
name = "django-widget-tweaks"
version = "1.5.0"
source = { registry = "https://pypi.org/simple" }
sdist = { url = "https://files.pythonhosted.org/packages/a5/fe/26eb92fba83844e71bbec0ced7fc2e843e5990020e3cc676925204031654/django-widget-tweaks-1.5.0.tar.gz", hash = "sha256:1c2180681ebb994e922c754804c7ffebbe1245014777ac47897a81f57cc629c7", size = 14767 }
wheels = [
    { url = "https://files.pythonhosted.org/packages/46/6a/6cb6deb5c38b785c77c3ba66f53051eada49205979c407323eb666930915/django_widget_tweaks-1.5.0-py3-none-any.whl", hash = "sha256:a41b7b2f05bd44d673d11ebd6c09a96f1d013ee98121cb98c384fe84e33b881e", size = 8960 },
]

[[package]]
name = "djangoql"
version = "0.18.1"
source = { registry = "https://pypi.org/simple" }
dependencies = [
    { name = "ply" },
]
wheels = [
    { url = "https://files.pythonhosted.org/packages/9e/0a/83cdb7b9d3b854b98941363153945f6c051b3bc50cd61108a85677c98c3a/djangoql-0.18.1-py2.py3-none-any.whl", hash = "sha256:51b3085a805627ebb43cfd0aa861137cdf8f69cc3c9244699718fe04a6c8e26d", size = 218209 },
]

[[package]]
name = "djangorestframework"
version = "3.15.2"
source = { registry = "https://pypi.org/simple" }
dependencies = [
    { name = "django" },
]
sdist = { url = "https://files.pythonhosted.org/packages/2c/ce/31482eb688bdb4e271027076199e1aa8d02507e530b6d272ab8b4481557c/djangorestframework-3.15.2.tar.gz", hash = "sha256:36fe88cd2d6c6bec23dca9804bab2ba5517a8bb9d8f47ebc68981b56840107ad", size = 1067420 }
wheels = [
    { url = "https://files.pythonhosted.org/packages/7c/b6/fa99d8f05eff3a9310286ae84c4059b08c301ae4ab33ae32e46e8ef76491/djangorestframework-3.15.2-py3-none-any.whl", hash = "sha256:2b8871b062ba1aefc2de01f773875441a961fefbf79f5eed1e32b2f096944b20", size = 1071235 },
]

[[package]]
name = "djangorestframework-simplejwt"
version = "5.3.1"
source = { registry = "https://pypi.org/simple" }
dependencies = [
    { name = "django" },
    { name = "djangorestframework" },
    { name = "pyjwt" },
]
sdist = { url = "https://files.pythonhosted.org/packages/ac/f3/f2ce06fcd1c53e12b26cc5a3ec9e0acd47eb4be02e1d24de50edee5c5abf/djangorestframework_simplejwt-5.3.1.tar.gz", hash = "sha256:6c4bd37537440bc439564ebf7d6085e74c5411485197073f508ebdfa34bc9fae", size = 94266 }
wheels = [
    { url = "https://files.pythonhosted.org/packages/f2/ab/88f73cf08d2ad3fb9f71b956dceca5680a57f121e5ce9a604f365877d57e/djangorestframework_simplejwt-5.3.1-py3-none-any.whl", hash = "sha256:381bc966aa46913905629d472cd72ad45faa265509764e20ffd440164c88d220", size = 101339 },
]

[[package]]
name = "et-xmlfile"
version = "2.0.0"
source = { registry = "https://pypi.org/simple" }
sdist = { url = "https://files.pythonhosted.org/packages/d3/38/af70d7ab1ae9d4da450eeec1fa3918940a5fafb9055e934af8d6eb0c2313/et_xmlfile-2.0.0.tar.gz", hash = "sha256:dab3f4764309081ce75662649be815c4c9081e88f0837825f90fd28317d4da54", size = 17234 }
wheels = [
    { url = "https://files.pythonhosted.org/packages/c1/8b/5fe2cc11fee489817272089c4203e679c63b570a5aaeb18d852ae3cbba6a/et_xmlfile-2.0.0-py3-none-any.whl", hash = "sha256:7a91720bc756843502c3b7504c77b8fe44217c85c537d85037f0f536151b2caa", size = 18059 },
]

[[package]]
name = "gprof2dot"
version = "2024.6.6"
source = { registry = "https://pypi.org/simple" }
sdist = { url = "https://files.pythonhosted.org/packages/32/11/16fc5b985741378812223f2c6213b0a95cda333b797def622ac702d28e81/gprof2dot-2024.6.6.tar.gz", hash = "sha256:fa1420c60025a9eb7734f65225b4da02a10fc6dd741b37fa129bc6b41951e5ab", size = 36536 }
wheels = [
    { url = "https://files.pythonhosted.org/packages/ae/27/15c4d20871a86281e2bacde9e9f634225d1c2ed0db072f98acf201022411/gprof2dot-2024.6.6-py2.py3-none-any.whl", hash = "sha256:45b14ad7ce64e299c8f526881007b9eb2c6b75505d5613e96e66ee4d5ab33696", size = 34763 },
]

[[package]]
name = "idna"
version = "3.10"
source = { registry = "https://pypi.org/simple" }
sdist = { url = "https://files.pythonhosted.org/packages/f1/70/7703c29685631f5a7590aa73f1f1d3fa9a380e654b86af429e0934a32f7d/idna-3.10.tar.gz", hash = "sha256:12f65c9b470abda6dc35cf8e63cc574b1c52b11df2c86030af0ac09b01b13ea9", size = 190490 }
wheels = [
    { url = "https://files.pythonhosted.org/packages/76/c6/c88e154df9c4e1a2a66ccf0005a88dfb2650c1dffb6f5ce603dfbd452ce3/idna-3.10-py3-none-any.whl", hash = "sha256:946d195a0d259cbba61165e88e65941f16e9b36ea6ddb97f00452bae8b1287d3", size = 70442 },
]

[[package]]
name = "iniconfig"
version = "2.0.0"
source = { registry = "https://pypi.org/simple" }
sdist = { url = "https://files.pythonhosted.org/packages/d7/4b/cbd8e699e64a6f16ca3a8220661b5f83792b3017d0f79807cb8708d33913/iniconfig-2.0.0.tar.gz", hash = "sha256:2d91e135bf72d31a410b17c16da610a82cb55f6b0477d1a902134b24a455b8b3", size = 4646 }
wheels = [
    { url = "https://files.pythonhosted.org/packages/ef/a6/62565a6e1cf69e10f5727360368e451d4b7f58beeac6173dc9db836a5b46/iniconfig-2.0.0-py3-none-any.whl", hash = "sha256:b6a85871a79d2e3b22d2d1b94ac2824226a63c6b741c88f7ae975f18b6778374", size = 5892 },
]

[[package]]
name = "mysqlclient"
version = "2.2.6"
source = { registry = "https://pypi.org/simple" }
sdist = { url = "https://files.pythonhosted.org/packages/7d/62/51fbcd851834c830c940ded80280f593bd031137603329dd89479c68c5be/mysqlclient-2.2.6.tar.gz", hash = "sha256:c0b46d9b78b461dbb62482089ca8040fa916595b1b30f831ebbd1b0a82b43d53", size = 91055 }
wheels = [
    { url = "https://files.pythonhosted.org/packages/f2/e0/d4806d4970136047ba247ad738d8d9e19655f114a91326fc790d86f4234e/mysqlclient-2.2.6-cp312-cp312-win_amd64.whl", hash = "sha256:e940b41d85dfd7b190fa47d52f525f878cfa203d4653bf6a35b271b3c3be125b", size = 207811 },
    { url = "https://files.pythonhosted.org/packages/7f/92/9d67ec977119abf692429751b6ce5b84baef33cded260768d813e742be08/mysqlclient-2.2.6-cp313-cp313-win_amd64.whl", hash = "sha256:794857bce4f9a1903a99786dd29ad7887f45a870b3d11585b8c51c4a753c4174", size = 207806 },
]

[[package]]
name = "openpyxl"
version = "3.1.5"
source = { registry = "https://pypi.org/simple" }
dependencies = [
    { name = "et-xmlfile" },
]
sdist = { url = "https://files.pythonhosted.org/packages/3d/f9/88d94a75de065ea32619465d2f77b29a0469500e99012523b91cc4141cd1/openpyxl-3.1.5.tar.gz", hash = "sha256:cf0e3cf56142039133628b5acffe8ef0c12bc902d2aadd3e0fe5878dc08d1050", size = 186464 }
wheels = [
    { url = "https://files.pythonhosted.org/packages/c0/da/977ded879c29cbd04de313843e76868e6e13408a94ed6b987245dc7c8506/openpyxl-3.1.5-py2.py3-none-any.whl", hash = "sha256:5282c12b107bffeef825f4617dc029afaf41d0ea60823bbb665ef3079dc79de2", size = 250910 },
]

[[package]]
name = "packaging"
version = "24.2"
source = { registry = "https://pypi.org/simple" }
sdist = { url = "https://files.pythonhosted.org/packages/d0/63/68dbb6eb2de9cb10ee4c9c14a0148804425e13c4fb20d61cce69f53106da/packaging-24.2.tar.gz", hash = "sha256:c228a6dc5e932d346bc5739379109d49e8853dd8223571c7c5b55260edc0b97f", size = 163950 }
wheels = [
    { url = "https://files.pythonhosted.org/packages/88/ef/eb23f262cca3c0c4eb7ab1933c3b1f03d021f2c48f54763065b6f0e321be/packaging-24.2-py3-none-any.whl", hash = "sha256:09abb1bccd265c01f4a3aa3f7a7db064b36514d2cba19a2f694fe6150451a759", size = 65451 },
]

[[package]]
name = "pillow"
version = "11.0.0"
source = { registry = "https://pypi.org/simple" }
sdist = { url = "https://files.pythonhosted.org/packages/a5/26/0d95c04c868f6bdb0c447e3ee2de5564411845e36a858cfd63766bc7b563/pillow-11.0.0.tar.gz", hash = "sha256:72bacbaf24ac003fea9bff9837d1eedb6088758d41e100c1552930151f677739", size = 46737780 }
wheels = [
    { url = "https://files.pythonhosted.org/packages/1c/a3/26e606ff0b2daaf120543e537311fa3ae2eb6bf061490e4fea51771540be/pillow-11.0.0-cp312-cp312-macosx_10_13_x86_64.whl", hash = "sha256:d2c0a187a92a1cb5ef2c8ed5412dd8d4334272617f532d4ad4de31e0495bd923", size = 3147642 },
    { url = "https://files.pythonhosted.org/packages/4f/d5/1caabedd8863526a6cfa44ee7a833bd97f945dc1d56824d6d76e11731939/pillow-11.0.0-cp312-cp312-macosx_11_0_arm64.whl", hash = "sha256:084a07ef0821cfe4858fe86652fffac8e187b6ae677e9906e192aafcc1b69903", size = 2978999 },
    { url = "https://files.pythonhosted.org/packages/d9/ff/5a45000826a1aa1ac6874b3ec5a856474821a1b59d838c4f6ce2ee518fe9/pillow-11.0.0-cp312-cp312-manylinux_2_17_aarch64.manylinux2014_aarch64.whl", hash = "sha256:8069c5179902dcdce0be9bfc8235347fdbac249d23bd90514b7a47a72d9fecf4", size = 4196794 },
    { url = "https://files.pythonhosted.org/packages/9d/21/84c9f287d17180f26263b5f5c8fb201de0f88b1afddf8a2597a5c9fe787f/pillow-11.0.0-cp312-cp312-manylinux_2_17_x86_64.manylinux2014_x86_64.whl", hash = "sha256:f02541ef64077f22bf4924f225c0fd1248c168f86e4b7abdedd87d6ebaceab0f", size = 4300762 },
    { url = "https://files.pythonhosted.org/packages/84/39/63fb87cd07cc541438b448b1fed467c4d687ad18aa786a7f8e67b255d1aa/pillow-11.0.0-cp312-cp312-manylinux_2_28_aarch64.whl", hash = "sha256:fcb4621042ac4b7865c179bb972ed0da0218a076dc1820ffc48b1d74c1e37fe9", size = 4210468 },
    { url = "https://files.pythonhosted.org/packages/7f/42/6e0f2c2d5c60f499aa29be14f860dd4539de322cd8fb84ee01553493fb4d/pillow-11.0.0-cp312-cp312-manylinux_2_28_x86_64.whl", hash = "sha256:00177a63030d612148e659b55ba99527803288cea7c75fb05766ab7981a8c1b7", size = 4381824 },
    { url = "https://files.pythonhosted.org/packages/31/69/1ef0fb9d2f8d2d114db982b78ca4eeb9db9a29f7477821e160b8c1253f67/pillow-11.0.0-cp312-cp312-musllinux_1_2_aarch64.whl", hash = "sha256:8853a3bf12afddfdf15f57c4b02d7ded92c7a75a5d7331d19f4f9572a89c17e6", size = 4296436 },
    { url = "https://files.pythonhosted.org/packages/44/ea/dad2818c675c44f6012289a7c4f46068c548768bc6c7f4e8c4ae5bbbc811/pillow-11.0.0-cp312-cp312-musllinux_1_2_x86_64.whl", hash = "sha256:3107c66e43bda25359d5ef446f59c497de2b5ed4c7fdba0894f8d6cf3822dafc", size = 4429714 },
    { url = "https://files.pythonhosted.org/packages/af/3a/da80224a6eb15bba7a0dcb2346e2b686bb9bf98378c0b4353cd88e62b171/pillow-11.0.0-cp312-cp312-win32.whl", hash = "sha256:86510e3f5eca0ab87429dd77fafc04693195eec7fd6a137c389c3eeb4cfb77c6", size = 2249631 },
    { url = "https://files.pythonhosted.org/packages/57/97/73f756c338c1d86bb802ee88c3cab015ad7ce4b838f8a24f16b676b1ac7c/pillow-11.0.0-cp312-cp312-win_amd64.whl", hash = "sha256:8ec4a89295cd6cd4d1058a5e6aec6bf51e0eaaf9714774e1bfac7cfc9051db47", size = 2567533 },
    { url = "https://files.pythonhosted.org/packages/0b/30/2b61876e2722374558b871dfbfcbe4e406626d63f4f6ed92e9c8e24cac37/pillow-11.0.0-cp312-cp312-win_arm64.whl", hash = "sha256:27a7860107500d813fcd203b4ea19b04babe79448268403172782754870dac25", size = 2254890 },
    { url = "https://files.pythonhosted.org/packages/63/24/e2e15e392d00fcf4215907465d8ec2a2f23bcec1481a8ebe4ae760459995/pillow-11.0.0-cp313-cp313-macosx_10_13_x86_64.whl", hash = "sha256:bcd1fb5bb7b07f64c15618c89efcc2cfa3e95f0e3bcdbaf4642509de1942a699", size = 3147300 },
    { url = "https://files.pythonhosted.org/packages/43/72/92ad4afaa2afc233dc44184adff289c2e77e8cd916b3ddb72ac69495bda3/pillow-11.0.0-cp313-cp313-macosx_11_0_arm64.whl", hash = "sha256:0e038b0745997c7dcaae350d35859c9715c71e92ffb7e0f4a8e8a16732150f38", size = 2978742 },
    { url = "https://files.pythonhosted.org/packages/9e/da/c8d69c5bc85d72a8523fe862f05ababdc52c0a755cfe3d362656bb86552b/pillow-11.0.0-cp313-cp313-manylinux_2_17_aarch64.manylinux2014_aarch64.whl", hash = "sha256:0ae08bd8ffc41aebf578c2af2f9d8749d91f448b3bfd41d7d9ff573d74f2a6b2", size = 4194349 },
    { url = "https://files.pythonhosted.org/packages/cd/e8/686d0caeed6b998351d57796496a70185376ed9c8ec7d99e1d19ad591fc6/pillow-11.0.0-cp313-cp313-manylinux_2_17_x86_64.manylinux2014_x86_64.whl", hash = "sha256:d69bfd8ec3219ae71bcde1f942b728903cad25fafe3100ba2258b973bd2bc1b2", size = 4298714 },
    { url = "https://files.pythonhosted.org/packages/ec/da/430015cec620d622f06854be67fd2f6721f52fc17fca8ac34b32e2d60739/pillow-11.0.0-cp313-cp313-manylinux_2_28_aarch64.whl", hash = "sha256:61b887f9ddba63ddf62fd02a3ba7add935d053b6dd7d58998c630e6dbade8527", size = 4208514 },
    { url = "https://files.pythonhosted.org/packages/44/ae/7e4f6662a9b1cb5f92b9cc9cab8321c381ffbee309210940e57432a4063a/pillow-11.0.0-cp313-cp313-manylinux_2_28_x86_64.whl", hash = "sha256:c6a660307ca9d4867caa8d9ca2c2658ab685de83792d1876274991adec7b93fa", size = 4380055 },
    { url = "https://files.pythonhosted.org/packages/74/d5/1a807779ac8a0eeed57f2b92a3c32ea1b696e6140c15bd42eaf908a261cd/pillow-11.0.0-cp313-cp313-musllinux_1_2_aarch64.whl", hash = "sha256:73e3a0200cdda995c7e43dd47436c1548f87a30bb27fb871f352a22ab8dcf45f", size = 4296751 },
    { url = "https://files.pythonhosted.org/packages/38/8c/5fa3385163ee7080bc13026d59656267daaaaf3c728c233d530e2c2757c8/pillow-11.0.0-cp313-cp313-musllinux_1_2_x86_64.whl", hash = "sha256:fba162b8872d30fea8c52b258a542c5dfd7b235fb5cb352240c8d63b414013eb", size = 4430378 },
    { url = "https://files.pythonhosted.org/packages/ca/1d/ad9c14811133977ff87035bf426875b93097fb50af747793f013979facdb/pillow-11.0.0-cp313-cp313-win32.whl", hash = "sha256:f1b82c27e89fffc6da125d5eb0ca6e68017faf5efc078128cfaa42cf5cb38798", size = 2249588 },
    { url = "https://files.pythonhosted.org/packages/fb/01/3755ba287dac715e6afdb333cb1f6d69740a7475220b4637b5ce3d78cec2/pillow-11.0.0-cp313-cp313-win_amd64.whl", hash = "sha256:8ba470552b48e5835f1d23ecb936bb7f71d206f9dfeee64245f30c3270b994de", size = 2567509 },
    { url = "https://files.pythonhosted.org/packages/c0/98/2c7d727079b6be1aba82d195767d35fcc2d32204c7a5820f822df5330152/pillow-11.0.0-cp313-cp313-win_arm64.whl", hash = "sha256:846e193e103b41e984ac921b335df59195356ce3f71dcfd155aa79c603873b84", size = 2254791 },
    { url = "https://files.pythonhosted.org/packages/eb/38/998b04cc6f474e78b563716b20eecf42a2fa16a84589d23c8898e64b0ffd/pillow-11.0.0-cp313-cp313t-macosx_10_13_x86_64.whl", hash = "sha256:4ad70c4214f67d7466bea6a08061eba35c01b1b89eaa098040a35272a8efb22b", size = 3150854 },
    { url = "https://files.pythonhosted.org/packages/13/8e/be23a96292113c6cb26b2aa3c8b3681ec62b44ed5c2bd0b258bd59503d3c/pillow-11.0.0-cp313-cp313t-macosx_11_0_arm64.whl", hash = "sha256:6ec0d5af64f2e3d64a165f490d96368bb5dea8b8f9ad04487f9ab60dc4bb6003", size = 2982369 },
    { url = "https://files.pythonhosted.org/packages/97/8a/3db4eaabb7a2ae8203cd3a332a005e4aba00067fc514aaaf3e9721be31f1/pillow-11.0.0-cp313-cp313t-manylinux_2_17_x86_64.manylinux2014_x86_64.whl", hash = "sha256:c809a70e43c7977c4a42aefd62f0131823ebf7dd73556fa5d5950f5b354087e2", size = 4333703 },
    { url = "https://files.pythonhosted.org/packages/28/ac/629ffc84ff67b9228fe87a97272ab125bbd4dc462745f35f192d37b822f1/pillow-11.0.0-cp313-cp313t-manylinux_2_28_x86_64.whl", hash = "sha256:4b60c9520f7207aaf2e1d94de026682fc227806c6e1f55bba7606d1c94dd623a", size = 4412550 },
    { url = "https://files.pythonhosted.org/packages/d6/07/a505921d36bb2df6868806eaf56ef58699c16c388e378b0dcdb6e5b2fb36/pillow-11.0.0-cp313-cp313t-musllinux_1_2_x86_64.whl", hash = "sha256:1e2688958a840c822279fda0086fec1fdab2f95bf2b717b66871c4ad9859d7e8", size = 4461038 },
    { url = "https://files.pythonhosted.org/packages/d6/b9/fb620dd47fc7cc9678af8f8bd8c772034ca4977237049287e99dda360b66/pillow-11.0.0-cp313-cp313t-win32.whl", hash = "sha256:607bbe123c74e272e381a8d1957083a9463401f7bd01287f50521ecb05a313f8", size = 2253197 },
    { url = "https://files.pythonhosted.org/packages/df/86/25dde85c06c89d7fc5db17940f07aae0a56ac69aa9ccb5eb0f09798862a8/pillow-11.0.0-cp313-cp313t-win_amd64.whl", hash = "sha256:5c39ed17edea3bc69c743a8dd3e9853b7509625c2462532e62baa0732163a904", size = 2572169 },
    { url = "https://files.pythonhosted.org/packages/51/85/9c33f2517add612e17f3381aee7c4072779130c634921a756c97bc29fb49/pillow-11.0.0-cp313-cp313t-win_arm64.whl", hash = "sha256:75acbbeb05b86bc53cbe7b7e6fe00fbcf82ad7c684b3ad82e3d711da9ba287d3", size = 2256828 },
]

[[package]]
name = "pluggy"
version = "1.5.0"
source = { registry = "https://pypi.org/simple" }
sdist = { url = "https://files.pythonhosted.org/packages/96/2d/02d4312c973c6050a18b314a5ad0b3210edb65a906f868e31c111dede4a6/pluggy-1.5.0.tar.gz", hash = "sha256:2cffa88e94fdc978c4c574f15f9e59b7f4201d439195c3715ca9e2486f1d0cf1", size = 67955 }
wheels = [
    { url = "https://files.pythonhosted.org/packages/88/5f/e351af9a41f866ac3f1fac4ca0613908d9a41741cfcf2228f4ad853b697d/pluggy-1.5.0-py3-none-any.whl", hash = "sha256:44e1ad92c8ca002de6377e165f3e0f1be63266ab4d554740532335b9d75ea669", size = 20556 },
]

[[package]]
name = "ply"
version = "3.11"
source = { registry = "https://pypi.org/simple" }
sdist = { url = "https://files.pythonhosted.org/packages/e5/69/882ee5c9d017149285cab114ebeab373308ef0f874fcdac9beb90e0ac4da/ply-3.11.tar.gz", hash = "sha256:00c7c1aaa88358b9c765b6d3000c6eec0ba42abca5351b095321aef446081da3", size = 159130 }
wheels = [
    { url = "https://files.pythonhosted.org/packages/a3/58/35da89ee790598a0700ea49b2a66594140f44dec458c07e8e3d4979137fc/ply-3.11-py2.py3-none-any.whl", hash = "sha256:096f9b8350b65ebd2fd1346b12452efe5b9607f7482813ffca50c22722a807ce", size = 49567 },
]

[[package]]
name = "pycodestyle"
version = "2.12.1"
source = { registry = "https://pypi.org/simple" }
sdist = { url = "https://files.pythonhosted.org/packages/43/aa/210b2c9aedd8c1cbeea31a50e42050ad56187754b34eb214c46709445801/pycodestyle-2.12.1.tar.gz", hash = "sha256:6838eae08bbce4f6accd5d5572075c63626a15ee3e6f842df996bf62f6d73521", size = 39232 }
wheels = [
    { url = "https://files.pythonhosted.org/packages/3a/d8/a211b3f85e99a0daa2ddec96c949cac6824bd305b040571b82a03dd62636/pycodestyle-2.12.1-py2.py3-none-any.whl", hash = "sha256:46f0fb92069a7c28ab7bb558f05bfc0110dac69a0cd23c61ea0040283a9d78b3", size = 31284 },
]

[[package]]
name = "pyjwt"
version = "2.10.0"
source = { registry = "https://pypi.org/simple" }
sdist = { url = "https://files.pythonhosted.org/packages/b5/05/324952ded002de746f87b21066b9373080bb5058f64cf01c4d62784b8186/pyjwt-2.10.0.tar.gz", hash = "sha256:7628a7eb7938959ac1b26e819a1df0fd3259505627b575e4bad6d08f76db695c", size = 87687 }
wheels = [
    { url = "https://files.pythonhosted.org/packages/6f/1d/ef9b066e7ef60494c94173dc9f0b9adf5d9ec5f888109f5c669f53d4144b/PyJWT-2.10.0-py3-none-any.whl", hash = "sha256:543b77207db656de204372350926bed5a86201c4cbff159f623f79c7bb487a15", size = 23002 },
]

[[package]]
name = "pytest"
version = "8.3.3"
source = { registry = "https://pypi.org/simple" }
dependencies = [
    { name = "colorama", marker = "sys_platform == 'win32'" },
    { name = "iniconfig" },
    { name = "packaging" },
    { name = "pluggy" },
]
sdist = { url = "https://files.pythonhosted.org/packages/8b/6c/62bbd536103af674e227c41a8f3dcd022d591f6eed5facb5a0f31ee33bbc/pytest-8.3.3.tar.gz", hash = "sha256:70b98107bd648308a7952b06e6ca9a50bc660be218d53c257cc1fc94fda10181", size = 1442487 }
wheels = [
    { url = "https://files.pythonhosted.org/packages/6b/77/7440a06a8ead44c7757a64362dd22df5760f9b12dc5f11b6188cd2fc27a0/pytest-8.3.3-py3-none-any.whl", hash = "sha256:a6853c7375b2663155079443d2e45de913a911a11d669df02a50814944db57b2", size = 342341 },
]

[[package]]
name = "python-dotenv"
version = "1.0.1"
source = { registry = "https://pypi.org/simple" }
sdist = { url = "https://files.pythonhosted.org/packages/bc/57/e84d88dfe0aec03b7a2d4327012c1627ab5f03652216c63d49846d7a6c58/python-dotenv-1.0.1.tar.gz", hash = "sha256:e324ee90a023d808f1959c46bcbc04446a10ced277783dc6ee09987c37ec10ca", size = 39115 }
wheels = [
    { url = "https://files.pythonhosted.org/packages/6a/3e/b68c118422ec867fa7ab88444e1274aa40681c606d59ac27de5a5588f082/python_dotenv-1.0.1-py3-none-any.whl", hash = "sha256:f7b63ef50f1b690dddf550d03497b66d609393b40b564ed0d674909a68ebf16a", size = 19863 },
]

[[package]]
name = "salariez"
version = "0.1.0"
source = { virtual = "." }
dependencies = [
    { name = "blacknoise" },
    { name = "django" },
    { name = "django-braces" },
    { name = "django-cotton" },
    { name = "django-extensions" },
    { name = "django-filter" },
    { name = "django-htmx" },
    { name = "django-import-export", extra = ["xlsx"] },
    { name = "django-mptt" },
    { name = "django-widget-tweaks" },
    { name = "djangoql" },
    { name = "djangorestframework" },
    { name = "djangorestframework-simplejwt" },
    { name = "mysqlclient" },
    { name = "pillow" },
    { name = "python-dotenv" },
    { name = "whitenoise" },
]

[package.dev-dependencies]
dev = [
    { name = "django-silk" },
    { name = "pytest" },
    { name = "selectolax" },
]

[package.metadata]
requires-dist = [
    { name = "blacknoise", specifier = ">=1.1.0" },
    { name = "django", specifier = "==5.0.1" },
    { name = "django-braces", specifier = ">=1.16.0" },
    { name = "django-cotton", specifier = ">=1.3.0" },
    { name = "django-extensions", specifier = ">=3.2.3" },
    { name = "django-filter", specifier = ">=24.3" },
    { name = "django-htmx", specifier = ">=1.21.0" },
    { name = "django-import-export", extras = ["xlsx"], specifier = ">=4.3.1" },
    { name = "django-mptt", specifier = ">=0.16.0" },
    { name = "django-widget-tweaks", specifier = ">=1.5.0" },
    { name = "djangoql", specifier = ">=0.18.1" },
    { name = "djangorestframework", specifier = ">=3.15.2" },
    { name = "djangorestframework-simplejwt", specifier = ">=5.3.1" },
    { name = "mysqlclient", specifier = ">=2.2.6" },
    { name = "pillow", specifier = ">=11.0.0" },
    { name = "python-dotenv", specifier = ">=1.0.1" },
    { name = "whitenoise", specifier = ">=6.8.2" },
]

[package.metadata.requires-dev]
dev = [
    { name = "django-silk", specifier = ">=5.3.1" },
    { name = "pytest", specifier = ">=8.3.3" },
    { name = "selectolax", specifier = ">=0.3.26" },
]

[[package]]
name = "selectolax"
version = "0.3.26"
source = { registry = "https://pypi.org/simple" }
sdist = { url = "https://files.pythonhosted.org/packages/1e/86/5f3f956ad7e553deb5f09410764a3bc51f450349c6be8a5990af2f870c09/selectolax-0.3.26.tar.gz", hash = "sha256:fd8da39a64145cb14c1f6ec9ca7378342af7de9ba4c8e3d65d5daa107594826b", size = 3610572 }
wheels = [
    { url = "https://files.pythonhosted.org/packages/fb/7e/bfb9fbff4d4df5d4125672d65cd6f48ae1cc9dbcdbc3f182b92d11a16087/selectolax-0.3.26-cp312-cp312-macosx_10_13_universal2.whl", hash = "sha256:4af271eaf21ce7c27a749171e4f06480324323e7d60d5afdf2d204076cfa58c5", size = 5851095 },
    { url = "https://files.pythonhosted.org/packages/92/27/11ea76601648e66cd0d622d82b187db1c35edbd7ee46ca1e9ab1e7e4c14b/selectolax-0.3.26-cp312-cp312-macosx_10_13_x86_64.whl", hash = "sha256:59f3ab9f4bc57b919a5405ef8bed7bfca62250411df1fd198a62d40d13c4df2a", size = 3163030 },
    { url = "https://files.pythonhosted.org/packages/31/67/c992ade2821ecbe4248abf9b0d62675d52aa23d4ef43e4de8efaa248e9a5/selectolax-0.3.26-cp312-cp312-manylinux_2_17_aarch64.manylinux2014_aarch64.whl", hash = "sha256:9ca4cf160975268431b7c014b30d892d49a2862a75677059efe0bca8063def72", size = 7656849 },
    { url = "https://files.pythonhosted.org/packages/05/8e/ae0b31f4a875ac528ebf171b70080b02629cd1b854525a89f654c0343bde/selectolax-0.3.26-cp312-cp312-manylinux_2_17_x86_64.manylinux2014_x86_64.whl", hash = "sha256:ddf4ec725d2d52e8d7aebc4a0e98adc3e5248cbe957438c2c5495e0cea8fa3b8", size = 7699079 },
    { url = "https://files.pythonhosted.org/packages/bc/83/da1744cbf60a96b70d7e220ce70f6e75531f0c4ee979ad74c6e38b79d777/selectolax-0.3.26-cp312-cp312-manylinux_2_5_i686.manylinux1_i686.manylinux_2_17_i686.manylinux2014_i686.whl", hash = "sha256:641b00bc707a5af29fffead812a63b19e8a961ee6d7705e8f6b40802ce70a077", size = 7084712 },
    { url = "https://files.pythonhosted.org/packages/b6/5e/007b12ca4db5d5402f0f67ed4de759a8ea2bb7fb7b0a75c0bdc8aafcae4e/selectolax-0.3.26-cp312-cp312-musllinux_1_2_aarch64.whl", hash = "sha256:1fae04b787be96851251b387d72bb488a6752981aa4cad492d98835a4d7c6b78", size = 7495735 },
    { url = "https://files.pythonhosted.org/packages/b3/12/e13a6f3d07255c239149ed585b662069ead177d7107966b07ca049b84520/selectolax-0.3.26-cp312-cp312-musllinux_1_2_i686.whl", hash = "sha256:559e581dca455b7d96ba4190f6909f86a68642e23139ceb3dad2bb4831b59c62", size = 7086549 },
    { url = "https://files.pythonhosted.org/packages/22/e3/d9be58345937cc83b9d88dd1702ddc7354883fa3eaed12e8f3960ad6d743/selectolax-0.3.26-cp312-cp312-musllinux_1_2_x86_64.whl", hash = "sha256:87b7d0297feee682aa4d6760590c6b2ba4b60772f087f0ec2ecd77cf564e979e", size = 7605004 },
    { url = "https://files.pythonhosted.org/packages/5a/54/77ee0f7ddad9791f4976c38720b0f45d05def9afa55fc2749cdf1be1f196/selectolax-0.3.26-cp312-cp312-win32.whl", hash = "sha256:e9533166e1cd773ef032df8fcd2693d0dda801cbb225d1074e4616eb419271d7", size = 2335633 },
    { url = "https://files.pythonhosted.org/packages/02/64/ee9f173fb02579dc56b6d30d7e66cba55d2ac9a08f5a60e3ad52d665e192/selectolax-0.3.26-cp312-cp312-win_amd64.whl", hash = "sha256:ce4ff49a68b1104bcf4588d9917033593442538d3d0cac1a74abcef23e478770", size = 2484178 },
    { url = "https://files.pythonhosted.org/packages/17/f2/aed6dc62065fdda236db874ae02f8458d9c94f3859d59b234d481ef8e9b7/selectolax-0.3.26-cp313-cp313-macosx_10_13_universal2.whl", hash = "sha256:66c25f78cc2006c9386a8c228dab84ccc00b45c8edb667329e39fe7adbee13bc", size = 5848836 },
    { url = "https://files.pythonhosted.org/packages/a4/2a/c6e8e2c028ef0dbfc45895eb1e36fb909679d5e791372587597ed6edd56f/selectolax-0.3.26-cp313-cp313-macosx_10_13_x86_64.whl", hash = "sha256:c4cdb2c3187d3615cf551c8c821cdf861592736c7efa58fefadaaca89b48474f", size = 3161035 },
    { url = "https://files.pythonhosted.org/packages/14/83/ba1ddd35209092af8a615ddec982568e5864f2353af4cd304cc699b7d503/selectolax-0.3.26-cp313-cp313-manylinux_2_17_aarch64.manylinux2014_aarch64.whl", hash = "sha256:3fb6b7df8d20592db1960d40e21874709315479457cdcb49f02c257c80df1035", size = 7628783 },
    { url = "https://files.pythonhosted.org/packages/7e/cb/457ccd023f95780e73c79b8f4a83b393598453301dbaf4d2dd85b436e89e/selectolax-0.3.26-cp313-cp313-manylinux_2_17_x86_64.manylinux2014_x86_64.whl", hash = "sha256:49b9c2d4bb990e7b8d1911e9d9af02f37bd5e391f748c85af44e4277b4cd61c0", size = 7670720 },
    { url = "https://files.pythonhosted.org/packages/b8/96/eca16a066c6332a0fcd9cf7ae33abc045158ccff3c79c5d8587f4dae16e3/selectolax-0.3.26-cp313-cp313-manylinux_2_5_i686.manylinux1_i686.manylinux_2_17_i686.manylinux2014_i686.whl", hash = "sha256:1a98d0dcc150f4b9fa4a610f6a55119631b0b0bb892eb3ce32aa566bd3efae4a", size = 7057942 },
    { url = "https://files.pythonhosted.org/packages/55/8c/d2f458f2d38538f9bb7890acb8d4e0d518d3750558a344c9b5d7f5af0096/selectolax-0.3.26-cp313-cp313-musllinux_1_2_aarch64.whl", hash = "sha256:841865ddebfc3f60518b31af9072fd15f731a39e41dc1c5d10bf652200aec9aa", size = 7440259 },
    { url = "https://files.pythonhosted.org/packages/96/3c/ef2fedddb64042b4d5a7bc62bd8e1af4b2601db45d79e41660a2d90b90f9/selectolax-0.3.26-cp313-cp313-musllinux_1_2_i686.whl", hash = "sha256:0b4b1a80eccff025c00410048662c183746a8a966aff30d55e608988ebdbf148", size = 7011597 },
    { url = "https://files.pythonhosted.org/packages/6f/6c/ced3219f728795d00e61802704d451c87db5b64a74e783d08d2272a42c26/selectolax-0.3.26-cp313-cp313-musllinux_1_2_x86_64.whl", hash = "sha256:b6532e60e6e966afef1f1281835cd6bbdcdcc17b3ee4d048469ab0ebdfc9722f", size = 7542790 },
    { url = "https://files.pythonhosted.org/packages/c4/0b/8ca282f846f279525ae3748d2afe725fe26ad6eb6e8b7c882f74bb39161c/selectolax-0.3.26-cp313-cp313-win32.whl", hash = "sha256:7e808f7c0b85997af9115f6fabf1b209940d2ceaa3a405417a63bf9eaf115b3a", size = 2335230 },
    { url = "https://files.pythonhosted.org/packages/2d/53/d88dfdf51f607ccca9aa412610d3b09e0d0a033d3a5d7162c97adae9dc93/selectolax-0.3.26-cp313-cp313-win_amd64.whl", hash = "sha256:064a15d56697cd66a4a78310cd5719cac57563ee6a94f05e01ca252fe4813a1b", size = 2484478 },
]

[[package]]
name = "sniffio"
version = "1.3.1"
source = { registry = "https://pypi.org/simple" }
sdist = { url = "https://files.pythonhosted.org/packages/a2/87/a6771e1546d97e7e041b6ae58d80074f81b7d5121207425c964ddf5cfdbd/sniffio-1.3.1.tar.gz", hash = "sha256:f4324edc670a0f49750a81b895f35c3adb843cca46f0530f79fc1babb23789dc", size = 20372 }
wheels = [
    { url = "https://files.pythonhosted.org/packages/e9/44/75a9c9421471a6c4805dbf2356f7c181a29c1879239abab1ea2cc8f38b40/sniffio-1.3.1-py3-none-any.whl", hash = "sha256:2f6da418d1f1e0fddd844478f41680e794e6051915791a034ff65e5f100525a2", size = 10235 },
]

[[package]]
name = "sqlparse"
version = "0.5.2"
source = { registry = "https://pypi.org/simple" }
sdist = { url = "https://files.pythonhosted.org/packages/57/61/5bc3aff85dc5bf98291b37cf469dab74b3d0aef2dd88eade9070a200af05/sqlparse-0.5.2.tar.gz", hash = "sha256:9e37b35e16d1cc652a2545f0997c1deb23ea28fa1f3eefe609eee3063c3b105f", size = 84951 }
wheels = [
    { url = "https://files.pythonhosted.org/packages/7a/13/5f6654c9d915077fae255686ca6fa42095b62b7337e3e1aa9e82caa6f43a/sqlparse-0.5.2-py3-none-any.whl", hash = "sha256:e99bc85c78160918c3e1d9230834ab8d80fc06c59d03f8db2618f65f65dda55e", size = 44407 },
]

[[package]]
name = "starlette"
version = "0.41.3"
source = { registry = "https://pypi.org/simple" }
dependencies = [
    { name = "anyio" },
]
sdist = { url = "https://files.pythonhosted.org/packages/1a/4c/9b5764bd22eec91c4039ef4c55334e9187085da2d8a2df7bd570869aae18/starlette-0.41.3.tar.gz", hash = "sha256:0e4ab3d16522a255be6b28260b938eae2482f98ce5cc934cb08dce8dc3ba5835", size = 2574159 }
wheels = [
    { url = "https://files.pythonhosted.org/packages/96/00/2b325970b3060c7cecebab6d295afe763365822b1306a12eeab198f74323/starlette-0.41.3-py3-none-any.whl", hash = "sha256:44cedb2b7c77a9de33a8b74b2b90e9f50d11fcf25d8270ea525ad71a25374ff7", size = 73225 },
]

[[package]]
name = "tablib"
version = "3.7.0"
source = { registry = "https://pypi.org/simple" }
sdist = { url = "https://files.pythonhosted.org/packages/41/78/afdf974431f58f0270113e8c50bb020f4d3927eaf0a47806c55e91da3e70/tablib-3.7.0.tar.gz", hash = "sha256:f9db84ed398df5109bd69c11d46613d16cc572fb9ad3213f10d95e2b5f12c18e", size = 121221 }
wheels = [
    { url = "https://files.pythonhosted.org/packages/5a/dd/d578310f8ae1cd8e0c6f16a2ff281b8f9993f6cdba1b3d48f92bfae536b6/tablib-3.7.0-py3-none-any.whl", hash = "sha256:9a6930037cfe0f782377963ca3f2b1dae3fd4cdbf0883848f22f1447e7bb718b", size = 47534 },
]

[package.optional-dependencies]
xlsx = [
    { name = "openpyxl" },
]

[[package]]
name = "tzdata"
version = "2024.2"
source = { registry = "https://pypi.org/simple" }
sdist = { url = "https://files.pythonhosted.org/packages/e1/34/943888654477a574a86a98e9896bae89c7aa15078ec29f490fef2f1e5384/tzdata-2024.2.tar.gz", hash = "sha256:7d85cc416e9382e69095b7bdf4afd9e3880418a2413feec7069d533d6b4e31cc", size = 193282 }
wheels = [
    { url = "https://files.pythonhosted.org/packages/a6/ab/7e5f53c3b9d14972843a647d8d7a853969a58aecc7559cb3267302c94774/tzdata-2024.2-py2.py3-none-any.whl", hash = "sha256:a48093786cdcde33cad18c2555e8532f34422074448fbc874186f0abd79565cd", size = 346586 },
]

[[package]]
name = "whitenoise"
version = "6.8.2"
source = { registry = "https://pypi.org/simple" }
sdist = { url = "https://files.pythonhosted.org/packages/68/49/c21ebb5b911888c349a849ec7d1ead2dffbbcc4e2be0f6af2a7dbac03393/whitenoise-6.8.2.tar.gz", hash = "sha256:486bd7267a375fa9650b136daaec156ac572971acc8bf99add90817a530dd1d4", size = 25892 }
wheels = [
    { url = "https://files.pythonhosted.org/packages/8c/3a/8d22513e1942899270dcdbd47f9886309836442cd7ede4b0d00be79715f5/whitenoise-6.8.2-py3-none-any.whl", hash = "sha256:df12dce147a043d1956d81d288c6f0044147c6d2ab9726e5772ac50fb45d2280", size = 20158 },
]
